
Microsoft Visual Studio Solution File, Format Version 12.00
# Visual Studio 15
VisualStudioVersion = 15.0.27703.2047
MinimumVisualStudioVersion = 10.0.40219.1
Project("{9A19103F-16F7-4668-BE54-9A1E7A4F7556}") = "MonopolyBot", "Bot Builder Echo Bot1\MonopolyBot.csproj", "{276D81D8-5F47-4258-A185-184576D4E597}"
EndProject
Global
	GlobalSection(SolutionConfigurationPlatforms) = preSolution
		Debug|Any CPU = Debug|Any CPU
		Release|Any CPU = Release|Any CPU
	EndGlobalSection
	GlobalSection(ProjectConfigurationPlatforms) = postSolution
		{276D81D8-5F47-4258-A185-184576D4E597}.Debug|Any CPU.ActiveCfg = Debug|Any CPU
		{276D81D8-5F47-4258-A185-184576D4E597}.Debug|Any CPU.Build.0 = Debug|Any CPU
		{276D81D8-5F47-4258-A185-184576D4E597}.Release|Any CPU.ActiveCfg = Release|Any CPU
		{276D81D8-5F47-4258-A185-184576D4E597}.Release|Any CPU.Build.0 = Release|Any CPU
	EndGlobalSection
	GlobalSection(SolutionProperties) = preSolution
		HideSolutionNode = FALSE
	EndGlobalSection
	GlobalSection(ExtensibilityGlobals) = postSolution
		SolutionGuid = {62DFEB57-96AB-416B-AA64-2131326B2FC1}
	EndGlobalSection
EndGlobal
